
Microsoft Visual Studio Solution File, Format Version 12.00
# Visual Studio Version 17
VisualStudioVersion = 17.0.32014.148
MinimumVisualStudioVersion = 10.0.40219.1
Project("{FAE04EC0-301F-11D3-BF4B-00C04F79EFBC}") = "ConsoleImage", "ConsoleImage\ConsoleImage.csproj", "{6376309B-9D9E-4DE6-9A1C-BE689E11EDCF}"
EndProject
Global
	GlobalSection(SolutionConfigurationPlatforms) = preSolution
		Debug|Any CPU = Debug|Any CPU
		Release|Any CPU = Release|Any CPU
	EndGlobalSection
	GlobalSection(ProjectConfigurationPlatforms) = postSolution
		{6376309B-9D9E-4DE6-9A1C-BE689E11EDCF}.Debug|Any CPU.ActiveCfg = Debug|Any CPU
		{6376309B-9D9E-4DE6-9A1C-BE689E11EDCF}.Debug|Any CPU.Build.0 = Debug|Any CPU
		{6376309B-9D9E-4DE6-9A1C-BE689E11EDCF}.Release|Any CPU.ActiveCfg = Release|Any CPU
		{6376309B-9D9E-4DE6-9A1C-BE689E11EDCF}.Release|Any CPU.Build.0 = Release|Any CPU
	EndGlobalSection
	GlobalSection(SolutionProperties) = preSolution
		HideSolutionNode = FALSE
	EndGlobalSection
	GlobalSection(ExtensibilityGlobals) = postSolution
		SolutionGuid = {19370E08-6A51-4E8D-9862-F7CA336BDEBC}
	EndGlobalSection
EndGlobal
